dependencies:
- name: core-banking-api
  repository: file://./core-banking-api
  version: 0.1.1
- name: kyc-api
  repository: file://./kyc-api
  version: 0.1.1
- name: ai-api
  repository: file://./ai-api
  version: 0.1.0
digest: sha256:85299bbe06ba56ca14e3db352d2b7df404730b031fb27b55b71219c521be9efb
generated: "2026-09-17T22:00:40.96485+02:00"
