dependencies:
- name: core-banking-api
  repository: file://./core-banking-api
  version: 0.1.1
- name: kyc-api
  repository: file://./kyc-api
  version: 0.1.1
- name: ai-api
  repository: file://./ai-api
  version: 0.1.0
- name: produit-api
  repository: file://./produit-api
  version: 0.1.0
- name: produit-app
  repository: file://./produit-app
  version: 0.1.0
- name: card-management-api
  repository: file://./card-management-api
  version: 0.1.0
- name: invest-api
  repository: file://./invest-api
  version: 0.1.0
- name: subscription-api
  repository: file://./subscription-api
  version: 0.1.0
digest: sha256:d191f7c43715bbf4a8db85b4b83e8e39352c81123746c6fbcfb949740b709cee
generated: "2026-09-23T11:33:08.366946+02:00"
