dependencies:
- name: core-banking-api
  repository: file://./core-banking-api
  version: 0.1.1
- name: kyc-api
  repository: file://./kyc-api
  version: 0.1.1
- name: ai-api
  repository: file://./ai-api
  version: 0.1.0
- name: produit-api
  repository: file://./produit-api
  version: 0.1.0
- name: card-management-api
  repository: file://./card-management-api
  version: 0.1.0
- name: invest-api
  repository: file://./invest-api
  version: 0.1.0
digest: sha256:8110936682585e0912bd1f49de89fd059d68367783d08610ac3ef8e3f6c4a2e7
generated: "2026-09-21T20:18:36.181446+02:00"
